
Microsoft Visual Studio Solution File, Format Version 12.00
# Visual Studio Version 16
VisualStudioVersion = 16.0.31105.61
MinimumVisualStudioVersion = 10.0.40219.1
Project("{FAE04EC0-301F-11D3-BF4B-00C04F79EFBC}") = "K_Relay", "K_Relay\K_Relay.csproj", "{BAE9E532-8ADB-4AEE-BCB9-DF928AEA0970}"
EndProject
Project("{FAE04EC0-301F-11D3-BF4B-00C04F79EFBC}") = "Lib K Relay", "Lib K Relay\Lib K Relay.csproj", "{B1B5F3C3-C4FF-4C6E-8879-D2E4E99BEEF9}"
EndProject
Project("{2150E333-8FDC-42A3-9474-1A3956D46DE8}") = "Plugins", "Plugins", "{03A97CEB-D1F4-4BD0-A708-8151EF71A8D7}"
EndProject
Project("{FAE04EC0-301F-11D3-BF4B-00C04F79EFBC}") = "AutoNexus", "Plugins\AutoNexus\AutoNexus.csproj", "{F9716B4A-D10D-4098-B79D-84A796F9C584}"
EndProject
Project("{FAE04EC0-301F-11D3-BF4B-00C04F79EFBC}") = "MapCacher", "Plugins\MapCacher\MapCacher.csproj", "{BD3F0DA6-A032-4F78-932B-492E801B1BA8}"
EndProject
Project("{FAE04EC0-301F-11D3-BF4B-00C04F79EFBC}") = "Glow", "Plugins\Glow\Glow.csproj", "{221B82C0-4D31-4EBE-A517-7F4AF8AC1AF3}"
EndProject
Project("{FAE04EC0-301F-11D3-BF4B-00C04F79EFBC}") = "AutoAim", "Plugins\AutoAim\AutoAim\AutoAim.csproj", "{CF604374-03CB-49DB-B3B5-C58DF6A42D4C}"
EndProject
Global
	GlobalSection(SolutionConfigurationPlatforms) = preSolution
		Debug|Any CPU = Debug|Any CPU
		Release|Any CPU = Release|Any CPU
	EndGlobalSection
	GlobalSection(ProjectConfigurationPlatforms) = postSolution
		{BAE9E532-8ADB-4AEE-BCB9-DF928AEA0970}.Debug|Any CPU.ActiveCfg = Debug|Any CPU
		{BAE9E532-8ADB-4AEE-BCB9-DF928AEA0970}.Debug|Any CPU.Build.0 = Debug|Any CPU
		{BAE9E532-8ADB-4AEE-BCB9-DF928AEA0970}.Release|Any CPU.ActiveCfg = Release|Any CPU
		{BAE9E532-8ADB-4AEE-BCB9-DF928AEA0970}.Release|Any CPU.Build.0 = Release|Any CPU
		{B1B5F3C3-C4FF-4C6E-8879-D2E4E99BEEF9}.Debug|Any CPU.ActiveCfg = Debug|Any CPU
		{B1B5F3C3-C4FF-4C6E-8879-D2E4E99BEEF9}.Debug|Any CPU.Build.0 = Debug|Any CPU
		{B1B5F3C3-C4FF-4C6E-8879-D2E4E99BEEF9}.Release|Any CPU.ActiveCfg = Release|Any CPU
		{B1B5F3C3-C4FF-4C6E-8879-D2E4E99BEEF9}.Release|Any CPU.Build.0 = Release|Any CPU
		{F9716B4A-D10D-4098-B79D-84A796F9C584}.Debug|Any CPU.ActiveCfg = Debug|Any CPU
		{F9716B4A-D10D-4098-B79D-84A796F9C584}.Debug|Any CPU.Build.0 = Debug|Any CPU
		{F9716B4A-D10D-4098-B79D-84A796F9C584}.Release|Any CPU.ActiveCfg = Release|Any CPU
		{F9716B4A-D10D-4098-B79D-84A796F9C584}.Release|Any CPU.Build.0 = Release|Any CPU
		{BD3F0DA6-A032-4F78-932B-492E801B1BA8}.Debug|Any CPU.ActiveCfg = Debug|Any CPU
		{BD3F0DA6-A032-4F78-932B-492E801B1BA8}.Debug|Any CPU.Build.0 = Debug|Any CPU
		{BD3F0DA6-A032-4F78-932B-492E801B1BA8}.Release|Any CPU.ActiveCfg = Release|Any CPU
		{BD3F0DA6-A032-4F78-932B-492E801B1BA8}.Release|Any CPU.Build.0 = Release|Any CPU
		{221B82C0-4D31-4EBE-A517-7F4AF8AC1AF3}.Debug|Any CPU.ActiveCfg = Debug|Any CPU
		{221B82C0-4D31-4EBE-A517-7F4AF8AC1AF3}.Debug|Any CPU.Build.0 = Debug|Any CPU
		{221B82C0-4D31-4EBE-A517-7F4AF8AC1AF3}.Release|Any CPU.ActiveCfg = Release|Any CPU
		{221B82C0-4D31-4EBE-A517-7F4AF8AC1AF3}.Release|Any CPU.Build.0 = Release|Any CPU
		{CF604374-03CB-49DB-B3B5-C58DF6A42D4C}.Debug|Any CPU.ActiveCfg = Debug|Any CPU
		{CF604374-03CB-49DB-B3B5-C58DF6A42D4C}.Debug|Any CPU.Build.0 = Debug|Any CPU
		{CF604374-03CB-49DB-B3B5-C58DF6A42D4C}.Release|Any CPU.ActiveCfg = Release|Any CPU
		{CF604374-03CB-49DB-B3B5-C58DF6A42D4C}.Release|Any CPU.Build.0 = Release|Any CPU
	EndGlobalSection
	GlobalSection(SolutionProperties) = preSolution
		HideSolutionNode = FALSE
	EndGlobalSection
	GlobalSection(NestedProjects) = preSolution
		{F9716B4A-D10D-4098-B79D-84A796F9C584} = {03A97CEB-D1F4-4BD0-A708-8151EF71A8D7}
		{BD3F0DA6-A032-4F78-932B-492E801B1BA8} = {03A97CEB-D1F4-4BD0-A708-8151EF71A8D7}
		{221B82C0-4D31-4EBE-A517-7F4AF8AC1AF3} = {03A97CEB-D1F4-4BD0-A708-8151EF71A8D7}
		{CF604374-03CB-49DB-B3B5-C58DF6A42D4C} = {03A97CEB-D1F4-4BD0-A708-8151EF71A8D7}
	EndGlobalSection
	GlobalSection(ExtensibilityGlobals) = postSolution
		SolutionGuid = {6FBB91BA-4ACE-4EF7-A74D-4ACF86B1B6A0}
	EndGlobalSection
EndGlobal
